
Microsoft Visual Studio Solution File, Format Version 12.00
# Visual Studio Version 17
VisualStudioVersion = 17.0.31903.59
MinimumVisualStudioVersion = 10.0.40219.1
Project("{2150E333-8FDC-42A3-9474-1A3956D46DE8}") = "src", "src", "{30C814F0-7926-4C9A-B672-36CA76BC1B2E}"
EndProject
Project("{FAE04EC0-301F-11D3-BF4B-00C04F79EFBC}") = "RmqCli", "src\RmqCli\RmqCli.csproj", "{82DD870D-DD37-40C9-B19B-32040BBB52B9}"
EndProject
Project("{2150E333-8FDC-42A3-9474-1A3956D46DE8}") = "test", "test", "{2518B246-DEC6-40F3-9A31-252638D0CE95}"
EndProject
Project("{FAE04EC0-301F-11D3-BF4B-00C04F79EFBC}") = "RmqCli.Unit.Tests", "test\RmqCli.Unit.Tests\RmqCli.Unit.Tests.csproj", "{D2671315-D00F-4829-8DA1-680C7F1DAA5F}"
EndProject
Project("{FAE04EC0-301F-11D3-BF4B-00C04F79EFBC}") = "RmqCli.Integration.Tests", "test\RmqCli.Integration.Tests\RmqCli.Integration.Tests.csproj", "{A359C35F-01CD-404B-97A8-8CCD9015B734}"
EndProject
Project("{FAE04EC0-301F-11D3-BF4B-00C04F79EFBC}") = "RmqCli.E2E.Tests", "test\RmqCli.E2E.Tests\RmqCli.E2E.Tests.csproj", "{914322D6-D975-4602-AE8E-390FB4C6A33C}"
EndProject
Project("{FAE04EC0-301F-11D3-BF4B-00C04F79EFBC}") = "RmqCli.Tests.Shared", "test\RmqCli.Tests.Shared\RmqCli.Tests.Shared.csproj", "{16531900-0F19-4C3E-B133-424FFEE7FE14}"
EndProject
Global
	GlobalSection(SolutionConfigurationPlatforms) = preSolution
		Debug|Any CPU = Debug|Any CPU
		Debug|x64 = Debug|x64
		Debug|x86 = Debug|x86
		Release|Any CPU = Release|Any CPU
		Release|x64 = Release|x64
		Release|x86 = Release|x86
	EndGlobalSection
	GlobalSection(ProjectConfigurationPlatforms) = postSolution
		{82DD870D-DD37-40C9-B19B-32040BBB52B9}.Debug|Any CPU.ActiveCfg = Debug|Any CPU
		{82DD870D-DD37-40C9-B19B-32040BBB52B9}.Debug|Any CPU.Build.0 = Debug|Any CPU
		{82DD870D-DD37-40C9-B19B-32040BBB52B9}.Debug|x64.ActiveCfg = Debug|Any CPU
		{82DD870D-DD37-40C9-B19B-32040BBB52B9}.Debug|x64.Build.0 = Debug|Any CPU
		{82DD870D-DD37-40C9-B19B-32040BBB52B9}.Debug|x86.ActiveCfg = Debug|Any CPU
		{82DD870D-DD37-40C9-B19B-32040BBB52B9}.Debug|x86.Build.0 = Debug|Any CPU
		{82DD870D-DD37-40C9-B19B-32040BBB52B9}.Release|Any CPU.ActiveCfg = Release|Any CPU
		{82DD870D-DD37-40C9-B19B-32040BBB52B9}.Release|Any CPU.Build.0 = Release|Any CPU
		{82DD870D-DD37-40C9-B19B-32040BBB52B9}.Release|x64.ActiveCfg = Release|Any CPU
		{82DD870D-DD37-40C9-B19B-32040BBB52B9}.Release|x64.Build.0 = Release|Any CPU
		{82DD870D-DD37-40C9-B19B-32040BBB52B9}.Release|x86.ActiveCfg = Release|Any CPU
		{82DD870D-DD37-40C9-B19B-32040BBB52B9}.Release|x86.Build.0 = Release|Any CPU
		{D2671315-D00F-4829-8DA1-680C7F1DAA5F}.Debug|Any CPU.ActiveCfg = Debug|Any CPU
		{D2671315-D00F-4829-8DA1-680C7F1DAA5F}.Debug|Any CPU.Build.0 = Debug|Any CPU
		{D2671315-D00F-4829-8DA1-680C7F1DAA5F}.Debug|x64.ActiveCfg = Debug|Any CPU
		{D2671315-D00F-4829-8DA1-680C7F1DAA5F}.Debug|x64.Build.0 = Debug|Any CPU
		{D2671315-D00F-4829-8DA1-680C7F1DAA5F}.Debug|x86.ActiveCfg = Debug|Any CPU
		{D2671315-D00F-4829-8DA1-680C7F1DAA5F}.Debug|x86.Build.0 = Debug|Any CPU
		{D2671315-D00F-4829-8DA1-680C7F1DAA5F}.Release|Any CPU.ActiveCfg = Release|Any CPU
		{D2671315-D00F-4829-8DA1-680C7F1DAA5F}.Release|Any CPU.Build.0 = Release|Any CPU
		{D2671315-D00F-4829-8DA1-680C7F1DAA5F}.Release|x64.ActiveCfg = Release|Any CPU
		{D2671315-D00F-4829-8DA1-680C7F1DAA5F}.Release|x64.Build.0 = Release|Any CPU
		{D2671315-D00F-4829-8DA1-680C7F1DAA5F}.Release|x86.ActiveCfg = Release|Any CPU
		{D2671315-D00F-4829-8DA1-680C7F1DAA5F}.Release|x86.Build.0 = Release|Any CPU
		{A359C35F-01CD-404B-97A8-8CCD9015B734}.Debug|Any CPU.ActiveCfg = Debug|Any CPU
		{A359C35F-01CD-404B-97A8-8CCD9015B734}.Debug|Any CPU.Build.0 = Debug|Any CPU
		{A359C35F-01CD-404B-97A8-8CCD9015B734}.Debug|x64.ActiveCfg = Debug|Any CPU
		{A359C35F-01CD-404B-97A8-8CCD9015B734}.Debug|x64.Build.0 = Debug|Any CPU
		{A359C35F-01CD-404B-97A8-8CCD9015B734}.Debug|x86.ActiveCfg = Debug|Any CPU
		{A359C35F-01CD-404B-97A8-8CCD9015B734}.Debug|x86.Build.0 = Debug|Any CPU
		{A359C35F-01CD-404B-97A8-8CCD9015B734}.Release|Any CPU.ActiveCfg = Release|Any CPU
		{A359C35F-01CD-404B-97A8-8CCD9015B734}.Release|Any CPU.Build.0 = Release|Any CPU
		{A359C35F-01CD-404B-97A8-8CCD9015B734}.Release|x64.ActiveCfg = Release|Any CPU
		{A359C35F-01CD-404B-97A8-8CCD9015B734}.Release|x64.Build.0 = Release|Any CPU
		{A359C35F-01CD-404B-97A8-8CCD9015B734}.Release|x86.ActiveCfg = Release|Any CPU
		{A359C35F-01CD-404B-97A8-8CCD9015B734}.Release|x86.Build.0 = Release|Any CPU
		{914322D6-D975-4602-AE8E-390FB4C6A33C}.Debug|Any CPU.ActiveCfg = Debug|Any CPU
		{914322D6-D975-4602-AE8E-390FB4C6A33C}.Debug|Any CPU.Build.0 = Debug|Any CPU
		{914322D6-D975-4602-AE8E-390FB4C6A33C}.Debug|x64.ActiveCfg = Debug|Any CPU
		{914322D6-D975-4602-AE8E-390FB4C6A33C}.Debug|x64.Build.0 = Debug|Any CPU
		{914322D6-D975-4602-AE8E-390FB4C6A33C}.Debug|x86.ActiveCfg = Debug|Any CPU
		{914322D6-D975-4602-AE8E-390FB4C6A33C}.Debug|x86.Build.0 = Debug|Any CPU
		{914322D6-D975-4602-AE8E-390FB4C6A33C}.Release|Any CPU.ActiveCfg = Release|Any CPU
		{914322D6-D975-4602-AE8E-390FB4C6A33C}.Release|Any CPU.Build.0 = Release|Any CPU
		{914322D6-D975-4602-AE8E-390FB4C6A33C}.Release|x64.ActiveCfg = Release|Any CPU
		{914322D6-D975-4602-AE8E-390FB4C6A33C}.Release|x64.Build.0 = Release|Any CPU
		{914322D6-D975-4602-AE8E-390FB4C6A33C}.Release|x86.ActiveCfg = Release|Any CPU
		{914322D6-D975-4602-AE8E-390FB4C6A33C}.Release|x86.Build.0 = Release|Any CPU
		{16531900-0F19-4C3E-B133-424FFEE7FE14}.Debug|Any CPU.ActiveCfg = Debug|Any CPU
		{16531900-0F19-4C3E-B133-424FFEE7FE14}.Debug|Any CPU.Build.0 = Debug|Any CPU
		{16531900-0F19-4C3E-B133-424FFEE7FE14}.Debug|x64.ActiveCfg = Debug|Any CPU
		{16531900-0F19-4C3E-B133-424FFEE7FE14}.Debug|x64.Build.0 = Debug|Any CPU
		{16531900-0F19-4C3E-B133-424FFEE7FE14}.Debug|x86.ActiveCfg = Debug|Any CPU
		{16531900-0F19-4C3E-B133-424FFEE7FE14}.Debug|x86.Build.0 = Debug|Any CPU
		{16531900-0F19-4C3E-B133-424FFEE7FE14}.Release|Any CPU.ActiveCfg = Release|Any CPU
		{16531900-0F19-4C3E-B133-424FFEE7FE14}.Release|Any CPU.Build.0 = Release|Any CPU
		{16531900-0F19-4C3E-B133-424FFEE7FE14}.Release|x64.ActiveCfg = Release|Any CPU
		{16531900-0F19-4C3E-B133-424FFEE7FE14}.Release|x64.Build.0 = Release|Any CPU
		{16531900-0F19-4C3E-B133-424FFEE7FE14}.Release|x86.ActiveCfg = Release|Any CPU
		{16531900-0F19-4C3E-B133-424FFEE7FE14}.Release|x86.Build.0 = Release|Any CPU
	EndGlobalSection
	GlobalSection(SolutionProperties) = preSolution
		HideSolutionNode = FALSE
	EndGlobalSection
	GlobalSection(NestedProjects) = preSolution
		{82DD870D-DD37-40C9-B19B-32040BBB52B9} = {30C814F0-7926-4C9A-B672-36CA76BC1B2E}
		{D2671315-D00F-4829-8DA1-680C7F1DAA5F} = {2518B246-DEC6-40F3-9A31-252638D0CE95}
		{A359C35F-01CD-404B-97A8-8CCD9015B734} = {2518B246-DEC6-40F3-9A31-252638D0CE95}
		{914322D6-D975-4602-AE8E-390FB4C6A33C} = {2518B246-DEC6-40F3-9A31-252638D0CE95}
		{16531900-0F19-4C3E-B133-424FFEE7FE14} = {2518B246-DEC6-40F3-9A31-252638D0CE95}
	EndGlobalSection
EndGlobal
